
Microsoft Visual Studio Solution File, Format Version 12.00
# Visual Studio 15
VisualStudioVersion = 15.0.27428.2002
MinimumVisualStudioVersion = 10.0.40219.1
Project("{FAE04EC0-301F-11D3-BF4B-00C04F79EFBC}") = "Smart Metronome", "Smart Metronome\Smart Metronome.csproj", "{4CE0FD81-8D43-4964-8359-EDF43BFFF75C}"
EndProject
Global
	GlobalSection(SolutionConfigurationPlatforms) = preSolution
		Debug|Any CPU = Debug|Any CPU
		Release|Any CPU = Release|Any CPU
	EndGlobalSection
	GlobalSection(ProjectConfigurationPlatforms) = postSolution
		{4CE0FD81-8D43-4964-8359-EDF43BFFF75C}.Debug|Any CPU.ActiveCfg = Debug|Any CPU
		{4CE0FD81-8D43-4964-8359-EDF43BFFF75C}.Debug|Any CPU.Build.0 = Debug|Any CPU
		{4CE0FD81-8D43-4964-8359-EDF43BFFF75C}.Release|Any CPU.ActiveCfg = Release|Any CPU
		{4CE0FD81-8D43-4964-8359-EDF43BFFF75C}.Release|Any CPU.Build.0 = Release|Any CPU
	EndGlobalSection
	GlobalSection(SolutionProperties) = preSolution
		HideSolutionNode = FALSE
	EndGlobalSection
	GlobalSection(ExtensibilityGlobals) = postSolution
		SolutionGuid = {8CF6FDC1-EC90-4B47-A028-8C4C205B5964}
	EndGlobalSection
EndGlobal
